
Microsoft Visual Studio Solution File, Format Version 12.00
# Visual Studio Version 16
VisualStudioVersion = 16.0.31410.223
MinimumVisualStudioVersion = 10.0.40219.1
Project("{FAE04EC0-301F-11D3-BF4B-00C04F79EFBC}") = "EndScriptGen", "EndScriptGen.csproj", "{10E24AB9-4BA4-4A6D-9149-F3AC5B8E6AA3}"
EndProject
Global
	GlobalSection(SolutionConfigurationPlatforms) = preSolution
		Debug|Any CPU = Debug|Any CPU
		Release|Any CPU = Release|Any CPU
	EndGlobalSection
	GlobalSection(ProjectConfigurationPlatforms) = postSolution
		{10E24AB9-4BA4-4A6D-9149-F3AC5B8E6AA3}.Debug|Any CPU.ActiveCfg = Debug|Any CPU
		{10E24AB9-4BA4-4A6D-9149-F3AC5B8E6AA3}.Debug|Any CPU.Build.0 = Debug|Any CPU
		{10E24AB9-4BA4-4A6D-9149-F3AC5B8E6AA3}.Release|Any CPU.ActiveCfg = Release|Any CPU
		{10E24AB9-4BA4-4A6D-9149-F3AC5B8E6AA3}.Release|Any CPU.Build.0 = Release|Any CPU
	EndGlobalSection
	GlobalSection(SolutionProperties) = preSolution
		HideSolutionNode = FALSE
	EndGlobalSection
	GlobalSection(ExtensibilityGlobals) = postSolution
		SolutionGuid = {99500CFC-46C5-4396-9AAD-B459B4334C51}
	EndGlobalSection
EndGlobal
